
Microsoft Visual Studio Solution File, Format Version 12.00
# Visual Studio 14
VisualStudioVersion = 14.0.25420.1
MinimumVisualStudioVersion = 10.0.40219.1
Project("{FAE04EC0-301F-11D3-BF4B-00C04F79EFBC}") = "Practice", "Practice\Practice.csproj", "{E6121F27-27A4-4081-9A93-BFF740AE7D4C}"
EndProject
Project("{FAE04EC0-301F-11D3-BF4B-00C04F79EFBC}") = "Chapter01", "Chapter01\Chapter01.csproj", "{447D806D-1527-4852-B448-78D0FFA5FC18}"
EndProject
Project("{FAE04EC0-301F-11D3-BF4B-00C04F79EFBC}") = "Chapter02", "Chapter02\Chapter02.csproj", "{4C18427B-008B-4EC9-87A5-70E50D73FDDC}"
EndProject
Project("{FAE04EC0-301F-11D3-BF4B-00C04F79EFBC}") = "Chapter03", "Chapter03\Chapter03.csproj", "{8C0EBAA9-0737-4C4F-B8E8-39324A94E262}"
EndProject
Global
	GlobalSection(SolutionConfigurationPlatforms) = preSolution
		Debug|Any CPU = Debug|Any CPU
		Release|Any CPU = Release|Any CPU
	EndGlobalSection
	GlobalSection(ProjectConfigurationPlatforms) = postSolution
		{E6121F27-27A4-4081-9A93-BFF740AE7D4C}.Debug|Any CPU.ActiveCfg = Debug|Any CPU
		{E6121F27-27A4-4081-9A93-BFF740AE7D4C}.Debug|Any CPU.Build.0 = Debug|Any CPU
		{E6121F27-27A4-4081-9A93-BFF740AE7D4C}.Release|Any CPU.ActiveCfg = Release|Any CPU
		{E6121F27-27A4-4081-9A93-BFF740AE7D4C}.Release|Any CPU.Build.0 = Release|Any CPU
		{447D806D-1527-4852-B448-78D0FFA5FC18}.Debug|Any CPU.ActiveCfg = Debug|Any CPU
		{447D806D-1527-4852-B448-78D0FFA5FC18}.Debug|Any CPU.Build.0 = Debug|Any CPU
		{447D806D-1527-4852-B448-78D0FFA5FC18}.Release|Any CPU.ActiveCfg = Release|Any CPU
		{447D806D-1527-4852-B448-78D0FFA5FC18}.Release|Any CPU.Build.0 = Release|Any CPU
		{4C18427B-008B-4EC9-87A5-70E50D73FDDC}.Debug|Any CPU.ActiveCfg = Debug|Any CPU
		{4C18427B-008B-4EC9-87A5-70E50D73FDDC}.Debug|Any CPU.Build.0 = Debug|Any CPU
		{4C18427B-008B-4EC9-87A5-70E50D73FDDC}.Release|Any CPU.ActiveCfg = Release|Any CPU
		{4C18427B-008B-4EC9-87A5-70E50D73FDDC}.Release|Any CPU.Build.0 = Release|Any CPU
		{8C0EBAA9-0737-4C4F-B8E8-39324A94E262}.Debug|Any CPU.ActiveCfg = Debug|Any CPU
		{8C0EBAA9-0737-4C4F-B8E8-39324A94E262}.Debug|Any CPU.Build.0 = Debug|Any CPU
		{8C0EBAA9-0737-4C4F-B8E8-39324A94E262}.Release|Any CPU.ActiveCfg = Release|Any CPU
		{8C0EBAA9-0737-4C4F-B8E8-39324A94E262}.Release|Any CPU.Build.0 = Release|Any CPU
	EndGlobalSection
	GlobalSection(SolutionProperties) = preSolution
		HideSolutionNode = FALSE
	EndGlobalSection
EndGlobal
